
Microsoft Visual Studio Solution File, Format Version 12.00
# Visual Studio Version 17
VisualStudioVersion = 17.0.31903.59
MinimumVisualStudioVersion = 10.0.40219.1
Project("{2150E333-8FDC-42A3-9474-1A3956D46DE8}") = "FTP", "FTP", "{9AF2BBA9-11E1-4E7B-BF7B-7D1000896617}"
EndProject
Project("{2150E333-8FDC-42A3-9474-1A3956D46DE8}") = "HTTP", "HTTP", "{6FB5BAA8-2C38-4424-AC7B-9D9798EA7256}"
EndProject
Project("{2150E333-8FDC-42A3-9474-1A3956D46DE8}") = "TCP", "TCP", "{F81A1874-EEF8-49FB-9164-F8D1FB487DB2}"
EndProject
Project("{2150E333-8FDC-42A3-9474-1A3956D46DE8}") = "UDP", "UDP", "{641560D6-54F1-4651-A242-F7B83942D0B5}"
EndProject
Project("{FAE04EC0-301F-11D3-BF4B-00C04F79EFBC}") = "Utilities", "Utilities\Utilities\Utilities.csproj", "{0BCC38A4-AB45-452D-88B7-D7F0071E2C3D}"
EndProject
Project("{FAE04EC0-301F-11D3-BF4B-00C04F79EFBC}") = "MVCFTP", "FTP\MVC_FTP\MVCFTP\MVCFTP.csproj", "{BD909C82-A227-4405-A82C-BDB9501D70B6}"
EndProject
Project("{FAE04EC0-301F-11D3-BF4B-00C04F79EFBC}") = "FtpwebServer", "FTP\FtpwebServer\FtpwebServer.csproj", "{0C768C9D-096F-41A8-B15B-74C5E0B1428A}"
EndProject
Project("{9A19103F-16F7-4668-BE54-9A1E7A4F7556}") = "HTTPPublisher", "HTTP\HTTPPublisher\HTTPPublisher.csproj", "{75272B34-5BE0-4538-AEEA-C7808ECF5244}"
EndProject
Project("{9A19103F-16F7-4668-BE54-9A1E7A4F7556}") = "HTTPReceiver", "HTTP\HTTPReceiver\HTTPReceiver.csproj", "{1E8CE702-1E5C-4957-B719-A9C1DCBE5568}"
EndProject
Project("{9A19103F-16F7-4668-BE54-9A1E7A4F7556}") = "TCPClient", "TCP\TCPClient\TCPClient.csproj", "{DE67BA71-FD97-497E-9EC6-A6CBE90FD721}"
EndProject
Project("{9A19103F-16F7-4668-BE54-9A1E7A4F7556}") = "TCPServer", "TCP\TCPReceiver\TCPServer.csproj", "{B9D3BA8F-0CB0-4B33-A264-6147071AAEF7}"
EndProject
Project("{FAE04EC0-301F-11D3-BF4B-00C04F79EFBC}") = "UdpPlayer", "UDP\UdpPlayer\UdpPlayer.csproj", "{A5DD3076-96D3-47D1-A976-77F2295A220F}"
EndProject
Project("{2150E333-8FDC-42A3-9474-1A3956D46DE8}") = "Text", "Text", "{B04093B9-865B-4530-AA22-49570053A3C0}"
EndProject
Project("{FAE04EC0-301F-11D3-BF4B-00C04F79EFBC}") = "UdpReceiver", "UDP\Text\UdpReceiver\UdpReceiver.csproj", "{3FB90016-A6AA-4B28-9DE2-36A7C2BFA67D}"
EndProject
Project("{FAE04EC0-301F-11D3-BF4B-00C04F79EFBC}") = "UdpPublisher", "UDP\Text\UdpPublisher\UdpPublisher.csproj", "{FD7F973E-23DE-4AF0-9ECE-15F165CFD0A3}"
EndProject
Global
	GlobalSection(SolutionConfigurationPlatforms) = preSolution
		Debug|Any CPU = Debug|Any CPU
		Release|Any CPU = Release|Any CPU
	EndGlobalSection
	GlobalSection(ProjectConfigurationPlatforms) = postSolution
		{0BCC38A4-AB45-452D-88B7-D7F0071E2C3D}.Debug|Any CPU.ActiveCfg = Debug|Any CPU
		{0BCC38A4-AB45-452D-88B7-D7F0071E2C3D}.Debug|Any CPU.Build.0 = Debug|Any CPU
		{0BCC38A4-AB45-452D-88B7-D7F0071E2C3D}.Release|Any CPU.ActiveCfg = Release|Any CPU
		{0BCC38A4-AB45-452D-88B7-D7F0071E2C3D}.Release|Any CPU.Build.0 = Release|Any CPU
		{BD909C82-A227-4405-A82C-BDB9501D70B6}.Debug|Any CPU.ActiveCfg = Debug|Any CPU
		{BD909C82-A227-4405-A82C-BDB9501D70B6}.Debug|Any CPU.Build.0 = Debug|Any CPU
		{BD909C82-A227-4405-A82C-BDB9501D70B6}.Release|Any CPU.ActiveCfg = Release|Any CPU
		{BD909C82-A227-4405-A82C-BDB9501D70B6}.Release|Any CPU.Build.0 = Release|Any CPU
		{0C768C9D-096F-41A8-B15B-74C5E0B1428A}.Debug|Any CPU.ActiveCfg = Debug|Any CPU
		{0C768C9D-096F-41A8-B15B-74C5E0B1428A}.Debug|Any CPU.Build.0 = Debug|Any CPU
		{0C768C9D-096F-41A8-B15B-74C5E0B1428A}.Release|Any CPU.ActiveCfg = Release|Any CPU
		{0C768C9D-096F-41A8-B15B-74C5E0B1428A}.Release|Any CPU.Build.0 = Release|Any CPU
		{75272B34-5BE0-4538-AEEA-C7808ECF5244}.Debug|Any CPU.ActiveCfg = Debug|Any CPU
		{75272B34-5BE0-4538-AEEA-C7808ECF5244}.Debug|Any CPU.Build.0 = Debug|Any CPU
		{75272B34-5BE0-4538-AEEA-C7808ECF5244}.Release|Any CPU.ActiveCfg = Release|Any CPU
		{75272B34-5BE0-4538-AEEA-C7808ECF5244}.Release|Any CPU.Build.0 = Release|Any CPU
		{1E8CE702-1E5C-4957-B719-A9C1DCBE5568}.Debug|Any CPU.ActiveCfg = Debug|Any CPU
		{1E8CE702-1E5C-4957-B719-A9C1DCBE5568}.Debug|Any CPU.Build.0 = Debug|Any CPU
		{1E8CE702-1E5C-4957-B719-A9C1DCBE5568}.Release|Any CPU.ActiveCfg = Release|Any CPU
		{1E8CE702-1E5C-4957-B719-A9C1DCBE5568}.Release|Any CPU.Build.0 = Release|Any CPU
		{DE67BA71-FD97-497E-9EC6-A6CBE90FD721}.Debug|Any CPU.ActiveCfg = Debug|Any CPU
		{DE67BA71-FD97-497E-9EC6-A6CBE90FD721}.Debug|Any CPU.Build.0 = Debug|Any CPU
		{DE67BA71-FD97-497E-9EC6-A6CBE90FD721}.Release|Any CPU.ActiveCfg = Release|Any CPU
		{DE67BA71-FD97-497E-9EC6-A6CBE90FD721}.Release|Any CPU.Build.0 = Release|Any CPU
		{B9D3BA8F-0CB0-4B33-A264-6147071AAEF7}.Debug|Any CPU.ActiveCfg = Debug|Any CPU
		{B9D3BA8F-0CB0-4B33-A264-6147071AAEF7}.Debug|Any CPU.Build.0 = Debug|Any CPU
		{B9D3BA8F-0CB0-4B33-A264-6147071AAEF7}.Release|Any CPU.ActiveCfg = Release|Any CPU
		{B9D3BA8F-0CB0-4B33-A264-6147071AAEF7}.Release|Any CPU.Build.0 = Release|Any CPU
		{A5DD3076-96D3-47D1-A976-77F2295A220F}.Debug|Any CPU.ActiveCfg = Debug|Any CPU
		{A5DD3076-96D3-47D1-A976-77F2295A220F}.Debug|Any CPU.Build.0 = Debug|Any CPU
		{A5DD3076-96D3-47D1-A976-77F2295A220F}.Release|Any CPU.ActiveCfg = Release|Any CPU
		{A5DD3076-96D3-47D1-A976-77F2295A220F}.Release|Any CPU.Build.0 = Release|Any CPU
		{3FB90016-A6AA-4B28-9DE2-36A7C2BFA67D}.Debug|Any CPU.ActiveCfg = Debug|Any CPU
		{3FB90016-A6AA-4B28-9DE2-36A7C2BFA67D}.Debug|Any CPU.Build.0 = Debug|Any CPU
		{3FB90016-A6AA-4B28-9DE2-36A7C2BFA67D}.Release|Any CPU.ActiveCfg = Release|Any CPU
		{3FB90016-A6AA-4B28-9DE2-36A7C2BFA67D}.Release|Any CPU.Build.0 = Release|Any CPU
		{FD7F973E-23DE-4AF0-9ECE-15F165CFD0A3}.Debug|Any CPU.ActiveCfg = Debug|Any CPU
		{FD7F973E-23DE-4AF0-9ECE-15F165CFD0A3}.Debug|Any CPU.Build.0 = Debug|Any CPU
		{FD7F973E-23DE-4AF0-9ECE-15F165CFD0A3}.Release|Any CPU.ActiveCfg = Release|Any CPU
		{FD7F973E-23DE-4AF0-9ECE-15F165CFD0A3}.Release|Any CPU.Build.0 = Release|Any CPU
	EndGlobalSection
	GlobalSection(SolutionProperties) = preSolution
		HideSolutionNode = FALSE
	EndGlobalSection
	GlobalSection(NestedProjects) = preSolution
		{BD909C82-A227-4405-A82C-BDB9501D70B6} = {9AF2BBA9-11E1-4E7B-BF7B-7D1000896617}
		{0C768C9D-096F-41A8-B15B-74C5E0B1428A} = {9AF2BBA9-11E1-4E7B-BF7B-7D1000896617}
		{75272B34-5BE0-4538-AEEA-C7808ECF5244} = {6FB5BAA8-2C38-4424-AC7B-9D9798EA7256}
		{1E8CE702-1E5C-4957-B719-A9C1DCBE5568} = {6FB5BAA8-2C38-4424-AC7B-9D9798EA7256}
		{DE67BA71-FD97-497E-9EC6-A6CBE90FD721} = {F81A1874-EEF8-49FB-9164-F8D1FB487DB2}
		{B9D3BA8F-0CB0-4B33-A264-6147071AAEF7} = {F81A1874-EEF8-49FB-9164-F8D1FB487DB2}
		{A5DD3076-96D3-47D1-A976-77F2295A220F} = {641560D6-54F1-4651-A242-F7B83942D0B5}
		{B04093B9-865B-4530-AA22-49570053A3C0} = {641560D6-54F1-4651-A242-F7B83942D0B5}
		{3FB90016-A6AA-4B28-9DE2-36A7C2BFA67D} = {B04093B9-865B-4530-AA22-49570053A3C0}
		{FD7F973E-23DE-4AF0-9ECE-15F165CFD0A3} = {B04093B9-865B-4530-AA22-49570053A3C0}
	EndGlobalSection
	GlobalSection(ExtensibilityGlobals) = postSolution
		SolutionGuid = {E45456A9-B523-47F4-9BD3-09576E0BB5EA}
	EndGlobalSection
EndGlobal
