
Microsoft Visual Studio Solution File, Format Version 12.00
# Visual Studio Version 17
VisualStudioVersion = 17.2.32519.379
MinimumVisualStudioVersion = 10.0.40219.1
Project("{9A19103F-16F7-4668-BE54-9A1E7A4F7556}") = "UdpPublisher", "Receiver\Receiver\UdpPublisher.csproj", "{CDAFE1E3-D2B8-4EA9-9891-8371B54F8FA4}"
EndProject
Project("{9A19103F-16F7-4668-BE54-9A1E7A4F7556}") = "UdpReceiver", "UdpReceiver\UdpReceiver\UdpReceiver.csproj", "{76C8EBF9-A451-4327-942A-E5D09B95B29A}"
EndProject
Project("{2150E333-8FDC-42A3-9474-1A3956D46DE8}") = "UDP", "UDP", "{461F7782-E50E-46A6-89A1-3B36CD990B9E}"
EndProject
Project("{2150E333-8FDC-42A3-9474-1A3956D46DE8}") = "HTTP", "HTTP", "{3966E51D-1CF4-404E-A8CE-BEF0A8F7F994}"
EndProject
Project("{9A19103F-16F7-4668-BE54-9A1E7A4F7556}") = "HTTPPublisher", "HTTPPublisher\HTTPPublisher\HTTPPublisher.csproj", "{9CC0FD4A-2DEB-4BFE-8BD4-927210560115}"
EndProject
Project("{9A19103F-16F7-4668-BE54-9A1E7A4F7556}") = "Utilities", "Utilities\Utilities\Utilities.csproj", "{542E5017-CDB6-4DA4-ABB7-90B5124736DC}"
EndProject
Project("{9A19103F-16F7-4668-BE54-9A1E7A4F7556}") = "HTTPReceiver", "HTTPReceiver\HTTPReceiver\HTTPReceiver.csproj", "{30922824-0134-4095-87AB-9DFCFDC2011A}"
EndProject
Project("{2150E333-8FDC-42A3-9474-1A3956D46DE8}") = "FTP", "FTP", "{51A8C9F5-A2D5-4DF6-9AB4-4916140ADD4A}"
EndProject
Project("{FAE04EC0-301F-11D3-BF4B-00C04F79EFBC}") = "FtpwebServer", "FtpwebServer\FtpwebServer.csproj", "{0C768C9D-096F-41A8-B15B-74C5E0B1428A}"
EndProject
Project("{9A19103F-16F7-4668-BE54-9A1E7A4F7556}") = "FTP", "FTP\FTP.csproj", "{58BB2099-2439-4048-A192-B0EB148745FD}"
EndProject
Project("{2150E333-8FDC-42A3-9474-1A3956D46DE8}") = "TCP", "TCP", "{AFBB8DD0-2063-488D-8A0C-7795029CCD8D}"
EndProject
Project("{9A19103F-16F7-4668-BE54-9A1E7A4F7556}") = "TCPClient", "TCPClient\TCPClient.csproj", "{2FF3BCB8-216E-45D8-9CB6-553E1CC48339}"
EndProject
Project("{9A19103F-16F7-4668-BE54-9A1E7A4F7556}") = "TCPServer", "TCPReceiver\TCPServer.csproj", "{9EF08D43-9B7F-4208-A48A-EA1C9641A6E2}"
EndProject
Global
	GlobalSection(SolutionConfigurationPlatforms) = preSolution
		Debug|Any CPU = Debug|Any CPU
		Release|Any CPU = Release|Any CPU
	EndGlobalSection
	GlobalSection(ProjectConfigurationPlatforms) = postSolution
		{CDAFE1E3-D2B8-4EA9-9891-8371B54F8FA4}.Debug|Any CPU.ActiveCfg = Debug|Any CPU
		{CDAFE1E3-D2B8-4EA9-9891-8371B54F8FA4}.Debug|Any CPU.Build.0 = Debug|Any CPU
		{CDAFE1E3-D2B8-4EA9-9891-8371B54F8FA4}.Release|Any CPU.ActiveCfg = Release|Any CPU
		{CDAFE1E3-D2B8-4EA9-9891-8371B54F8FA4}.Release|Any CPU.Build.0 = Release|Any CPU
		{76C8EBF9-A451-4327-942A-E5D09B95B29A}.Debug|Any CPU.ActiveCfg = Debug|Any CPU
		{76C8EBF9-A451-4327-942A-E5D09B95B29A}.Debug|Any CPU.Build.0 = Debug|Any CPU
		{76C8EBF9-A451-4327-942A-E5D09B95B29A}.Release|Any CPU.ActiveCfg = Release|Any CPU
		{76C8EBF9-A451-4327-942A-E5D09B95B29A}.Release|Any CPU.Build.0 = Release|Any CPU
		{9CC0FD4A-2DEB-4BFE-8BD4-927210560115}.Debug|Any CPU.ActiveCfg = Debug|Any CPU
		{9CC0FD4A-2DEB-4BFE-8BD4-927210560115}.Debug|Any CPU.Build.0 = Debug|Any CPU
		{9CC0FD4A-2DEB-4BFE-8BD4-927210560115}.Release|Any CPU.ActiveCfg = Release|Any CPU
		{9CC0FD4A-2DEB-4BFE-8BD4-927210560115}.Release|Any CPU.Build.0 = Release|Any CPU
		{542E5017-CDB6-4DA4-ABB7-90B5124736DC}.Debug|Any CPU.ActiveCfg = Debug|Any CPU
		{542E5017-CDB6-4DA4-ABB7-90B5124736DC}.Debug|Any CPU.Build.0 = Debug|Any CPU
		{542E5017-CDB6-4DA4-ABB7-90B5124736DC}.Release|Any CPU.ActiveCfg = Release|Any CPU
		{542E5017-CDB6-4DA4-ABB7-90B5124736DC}.Release|Any CPU.Build.0 = Release|Any CPU
		{30922824-0134-4095-87AB-9DFCFDC2011A}.Debug|Any CPU.ActiveCfg = Debug|Any CPU
		{30922824-0134-4095-87AB-9DFCFDC2011A}.Debug|Any CPU.Build.0 = Debug|Any CPU
		{30922824-0134-4095-87AB-9DFCFDC2011A}.Release|Any CPU.ActiveCfg = Release|Any CPU
		{30922824-0134-4095-87AB-9DFCFDC2011A}.Release|Any CPU.Build.0 = Release|Any CPU
		{0C768C9D-096F-41A8-B15B-74C5E0B1428A}.Debug|Any CPU.ActiveCfg = Debug|Any CPU
		{0C768C9D-096F-41A8-B15B-74C5E0B1428A}.Debug|Any CPU.Build.0 = Debug|Any CPU
		{0C768C9D-096F-41A8-B15B-74C5E0B1428A}.Release|Any CPU.ActiveCfg = Release|Any CPU
		{0C768C9D-096F-41A8-B15B-74C5E0B1428A}.Release|Any CPU.Build.0 = Release|Any CPU
		{58BB2099-2439-4048-A192-B0EB148745FD}.Debug|Any CPU.ActiveCfg = Debug|Any CPU
		{58BB2099-2439-4048-A192-B0EB148745FD}.Debug|Any CPU.Build.0 = Debug|Any CPU
		{58BB2099-2439-4048-A192-B0EB148745FD}.Release|Any CPU.ActiveCfg = Release|Any CPU
		{58BB2099-2439-4048-A192-B0EB148745FD}.Release|Any CPU.Build.0 = Release|Any CPU
		{2FF3BCB8-216E-45D8-9CB6-553E1CC48339}.Debug|Any CPU.ActiveCfg = Debug|Any CPU
		{2FF3BCB8-216E-45D8-9CB6-553E1CC48339}.Debug|Any CPU.Build.0 = Debug|Any CPU
		{2FF3BCB8-216E-45D8-9CB6-553E1CC48339}.Release|Any CPU.ActiveCfg = Release|Any CPU
		{2FF3BCB8-216E-45D8-9CB6-553E1CC48339}.Release|Any CPU.Build.0 = Release|Any CPU
		{9EF08D43-9B7F-4208-A48A-EA1C9641A6E2}.Debug|Any CPU.ActiveCfg = Debug|Any CPU
		{9EF08D43-9B7F-4208-A48A-EA1C9641A6E2}.Debug|Any CPU.Build.0 = Debug|Any CPU
		{9EF08D43-9B7F-4208-A48A-EA1C9641A6E2}.Release|Any CPU.ActiveCfg = Release|Any CPU
		{9EF08D43-9B7F-4208-A48A-EA1C9641A6E2}.Release|Any CPU.Build.0 = Release|Any CPU
	EndGlobalSection
	GlobalSection(SolutionProperties) = preSolution
		HideSolutionNode = FALSE
	EndGlobalSection
	GlobalSection(NestedProjects) = preSolution
		{CDAFE1E3-D2B8-4EA9-9891-8371B54F8FA4} = {461F7782-E50E-46A6-89A1-3B36CD990B9E}
		{76C8EBF9-A451-4327-942A-E5D09B95B29A} = {461F7782-E50E-46A6-89A1-3B36CD990B9E}
		{9CC0FD4A-2DEB-4BFE-8BD4-927210560115} = {3966E51D-1CF4-404E-A8CE-BEF0A8F7F994}
		{30922824-0134-4095-87AB-9DFCFDC2011A} = {3966E51D-1CF4-404E-A8CE-BEF0A8F7F994}
		{0C768C9D-096F-41A8-B15B-74C5E0B1428A} = {51A8C9F5-A2D5-4DF6-9AB4-4916140ADD4A}
		{58BB2099-2439-4048-A192-B0EB148745FD} = {51A8C9F5-A2D5-4DF6-9AB4-4916140ADD4A}
		{2FF3BCB8-216E-45D8-9CB6-553E1CC48339} = {AFBB8DD0-2063-488D-8A0C-7795029CCD8D}
		{9EF08D43-9B7F-4208-A48A-EA1C9641A6E2} = {AFBB8DD0-2063-488D-8A0C-7795029CCD8D}
	EndGlobalSection
	GlobalSection(ExtensibilityGlobals) = postSolution
		SolutionGuid = {7CAF7864-2EA2-4292-95B0-96738F03D1EB}
	EndGlobalSection
EndGlobal
